
Microsoft Visual Studio Solution File, Format Version 12.00
# Visual Studio 2013
VisualStudioVersion = 12.0.21005.1
MinimumVisualStudioVersion = 10.0.40219.1
Project("{FAE04EC0-301F-11D3-BF4B-00C04F79EFBC}") = "MvcMusicStore", "MvcMusicStore\MvcMusicStore.csproj", "{02CF4E8A-C283-453D-8122-9EA50D78F975}"
EndProject
Project("{FAE04EC0-301F-11D3-BF4B-00C04F79EFBC}") = "MvcMusicStore.Tests", "MvcMusicStore.Tests\MvcMusicStore.Tests.csproj", "{3C38D0E8-7403-4924-AC8C-FB181B88AB70}"
EndProject
Global
	GlobalSection(SolutionConfigurationPlatforms) = preSolution
		Debug|Any CPU = Debug|Any CPU
		Release|Any CPU = Release|Any CPU
	EndGlobalSection
	GlobalSection(ProjectConfigurationPlatforms) = postSolution
		{02CF4E8A-C283-453D-8122-9EA50D78F975}.Debug|Any CPU.ActiveCfg = Debug|Any CPU
		{02CF4E8A-C283-453D-8122-9EA50D78F975}.Debug|Any CPU.Build.0 = Debug|Any CPU
		{02CF4E8A-C283-453D-8122-9EA50D78F975}.Release|Any CPU.ActiveCfg = Release|Any CPU
		{02CF4E8A-C283-453D-8122-9EA50D78F975}.Release|Any CPU.Build.0 = Release|Any CPU
		{3C38D0E8-7403-4924-AC8C-FB181B88AB70}.Debug|Any CPU.ActiveCfg = Debug|Any CPU
		{3C38D0E8-7403-4924-AC8C-FB181B88AB70}.Debug|Any CPU.Build.0 = Debug|Any CPU
		{3C38D0E8-7403-4924-AC8C-FB181B88AB70}.Release|Any CPU.ActiveCfg = Release|Any CPU
		{3C38D0E8-7403-4924-AC8C-FB181B88AB70}.Release|Any CPU.Build.0 = Release|Any CPU
	EndGlobalSection
	GlobalSection(SolutionProperties) = preSolution
		HideSolutionNode = FALSE
	EndGlobalSection
EndGlobal
